
Microsoft Visual Studio Solution File, Format Version 12.00
# Visual Studio Version 17
VisualStudioVersion = 17.3.32929.385
MinimumVisualStudioVersion = 10.0.40219.1
Project("{FAE04EC0-301F-11D3-BF4B-00C04F79EFBC}") = "WebAdvert.Api", "WebAdvert.Api\WebAdvert.Api.csproj", "{984E39A6-2C75-4D20-8AD3-1CA34F0E1B21}"
EndProject
Project("{FAE04EC0-301F-11D3-BF4B-00C04F79EFBC}") = "WebAdvert.Models", "WebAdvert.Models\WebAdvert.Models.csproj", "{94226342-B5C2-4293-86F7-21D0FE23D29C}"
EndProject
Global
	GlobalSection(SolutionConfigurationPlatforms) = preSolution
		Debug|Any CPU = Debug|Any CPU
		Release|Any CPU = Release|Any CPU
	EndGlobalSection
	GlobalSection(ProjectConfigurationPlatforms) = postSolution
		{984E39A6-2C75-4D20-8AD3-1CA34F0E1B21}.Debug|Any CPU.ActiveCfg = Debug|Any CPU
		{984E39A6-2C75-4D20-8AD3-1CA34F0E1B21}.Debug|Any CPU.Build.0 = Debug|Any CPU
		{984E39A6-2C75-4D20-8AD3-1CA34F0E1B21}.Release|Any CPU.ActiveCfg = Release|Any CPU
		{984E39A6-2C75-4D20-8AD3-1CA34F0E1B21}.Release|Any CPU.Build.0 = Release|Any CPU
		{94226342-B5C2-4293-86F7-21D0FE23D29C}.Debug|Any CPU.ActiveCfg = Debug|Any CPU
		{94226342-B5C2-4293-86F7-21D0FE23D29C}.Debug|Any CPU.Build.0 = Debug|Any CPU
		{94226342-B5C2-4293-86F7-21D0FE23D29C}.Release|Any CPU.ActiveCfg = Release|Any CPU
		{94226342-B5C2-4293-86F7-21D0FE23D29C}.Release|Any CPU.Build.0 = Release|Any CPU
	EndGlobalSection
	GlobalSection(SolutionProperties) = preSolution
		HideSolutionNode = FALSE
	EndGlobalSection
	GlobalSection(ExtensibilityGlobals) = postSolution
		SolutionGuid = {4F44DFF4-EE96-4936-BA9F-3B5ABD58485F}
	EndGlobalSection
EndGlobal
